
Microsoft Visual Studio Solution File, Format Version 12.00
# Visual Studio 15
VisualStudioVersion = 15.0.28307.902
MinimumVisualStudioVersion = 10.0.40219.1
Project("{FAE04EC0-301F-11D3-BF4B-00C04F79EFBC}") = "LevelUpEASJ", "LevelUpEASJ\LevelUpEASJ.csproj", "{22309B32-833B-4E47-9FD3-D8A64922C876}"
EndProject
Project("{FAE04EC0-301F-11D3-BF4B-00C04F79EFBC}") = "UnitTestLevelUpEASJ", "UnitTestLevelUpEASJ\UnitTestLevelUpEASJ.csproj", "{59E840AF-42A2-49A3-8DFF-DBFD3DB308F2}"
EndProject
Project("{00D1A9C2-B5F0-4AF3-8072-F6C62B433612}") = "LevelUpDB", "LevelUpDB\LevelUpDB.sqlproj", "{8FD212A3-FA87-438A-8DAC-B8B5FF3EBEB3}"
EndProject
Project("{FAE04EC0-301F-11D3-BF4B-00C04F79EFBC}") = "LevelUpWebAPI", "LevelUpWebAPI\LevelUpWebAPI.csproj", "{C66366D8-D47E-45C9-83A7-E84F5D557755}"
EndProject
Global
	GlobalSection(SolutionConfigurationPlatforms) = preSolution
		Debug|Any CPU = Debug|Any CPU
		Debug|ARM = Debug|ARM
		Debug|ARM64 = Debug|ARM64
		Debug|x64 = Debug|x64
		Debug|x86 = Debug|x86
		Release|Any CPU = Release|Any CPU
		Release|ARM = Release|ARM
		Release|ARM64 = Release|ARM64
		Release|x64 = Release|x64
		Release|x86 = Release|x86
	EndGlobalSection
	GlobalSection(ProjectConfigurationPlatforms) = postSolution
		{22309B32-833B-4E47-9FD3-D8A64922C876}.Debug|Any CPU.ActiveCfg = Debug|x86
		{22309B32-833B-4E47-9FD3-D8A64922C876}.Debug|Any CPU.Build.0 = Debug|x86
		{22309B32-833B-4E47-9FD3-D8A64922C876}.Debug|Any CPU.Deploy.0 = Debug|x86
		{22309B32-833B-4E47-9FD3-D8A64922C876}.Debug|ARM.ActiveCfg = Debug|ARM
		{22309B32-833B-4E47-9FD3-D8A64922C876}.Debug|ARM.Build.0 = Debug|ARM
		{22309B32-833B-4E47-9FD3-D8A64922C876}.Debug|ARM.Deploy.0 = Debug|ARM
		{22309B32-833B-4E47-9FD3-D8A64922C876}.Debug|ARM64.ActiveCfg = Debug|ARM64
		{22309B32-833B-4E47-9FD3-D8A64922C876}.Debug|ARM64.Build.0 = Debug|ARM64
		{22309B32-833B-4E47-9FD3-D8A64922C876}.Debug|ARM64.Deploy.0 = Debug|ARM64
		{22309B32-833B-4E47-9FD3-D8A64922C876}.Debug|x64.ActiveCfg = Debug|x64
		{22309B32-833B-4E47-9FD3-D8A64922C876}.Debug|x64.Build.0 = Debug|x64
		{22309B32-833B-4E47-9FD3-D8A64922C876}.Debug|x64.Deploy.0 = Debug|x64
		{22309B32-833B-4E47-9FD3-D8A64922C876}.Debug|x86.ActiveCfg = Debug|x86
		{22309B32-833B-4E47-9FD3-D8A64922C876}.Debug|x86.Build.0 = Debug|x86
		{22309B32-833B-4E47-9FD3-D8A64922C876}.Debug|x86.Deploy.0 = Debug|x86
		{22309B32-833B-4E47-9FD3-D8A64922C876}.Release|Any CPU.ActiveCfg = Release|x86
		{22309B32-833B-4E47-9FD3-D8A64922C876}.Release|ARM.ActiveCfg = Release|ARM
		{22309B32-833B-4E47-9FD3-D8A64922C876}.Release|ARM.Build.0 = Release|ARM
		{22309B32-833B-4E47-9FD3-D8A64922C876}.Release|ARM.Deploy.0 = Release|ARM
		{22309B32-833B-4E47-9FD3-D8A64922C876}.Release|ARM64.ActiveCfg = Release|ARM64
		{22309B32-833B-4E47-9FD3-D8A64922C876}.Release|ARM64.Build.0 = Release|ARM64
		{22309B32-833B-4E47-9FD3-D8A64922C876}.Release|ARM64.Deploy.0 = Release|ARM64
		{22309B32-833B-4E47-9FD3-D8A64922C876}.Release|x64.ActiveCfg = Release|x64
		{22309B32-833B-4E47-9FD3-D8A64922C876}.Release|x64.Build.0 = Release|x64
		{22309B32-833B-4E47-9FD3-D8A64922C876}.Release|x64.Deploy.0 = Release|x64
		{22309B32-833B-4E47-9FD3-D8A64922C876}.Release|x86.ActiveCfg = Release|x86
		{22309B32-833B-4E47-9FD3-D8A64922C876}.Release|x86.Build.0 = Release|x86
		{22309B32-833B-4E47-9FD3-D8A64922C876}.Release|x86.Deploy.0 = Release|x86
		{59E840AF-42A2-49A3-8DFF-DBFD3DB308F2}.Debug|Any CPU.ActiveCfg = Debug|x86
		{59E840AF-42A2-49A3-8DFF-DBFD3DB308F2}.Debug|Any CPU.Build.0 = Debug|x86
		{59E840AF-42A2-49A3-8DFF-DBFD3DB308F2}.Debug|Any CPU.Deploy.0 = Debug|x86
		{59E840AF-42A2-49A3-8DFF-DBFD3DB308F2}.Debug|ARM.ActiveCfg = Debug|ARM
		{59E840AF-42A2-49A3-8DFF-DBFD3DB308F2}.Debug|ARM.Build.0 = Debug|ARM
		{59E840AF-42A2-49A3-8DFF-DBFD3DB308F2}.Debug|ARM.Deploy.0 = Debug|ARM
		{59E840AF-42A2-49A3-8DFF-DBFD3DB308F2}.Debug|ARM64.ActiveCfg = Debug|ARM64
		{59E840AF-42A2-49A3-8DFF-DBFD3DB308F2}.Debug|ARM64.Build.0 = Debug|ARM64
		{59E840AF-42A2-49A3-8DFF-DBFD3DB308F2}.Debug|ARM64.Deploy.0 = Debug|ARM64
		{59E840AF-42A2-49A3-8DFF-DBFD3DB308F2}.Debug|x64.ActiveCfg = Debug|x64
		{59E840AF-42A2-49A3-8DFF-DBFD3DB308F2}.Debug|x64.Build.0 = Debug|x64
		{59E840AF-42A2-49A3-8DFF-DBFD3DB308F2}.Debug|x64.Deploy.0 = Debug|x64
		{59E840AF-42A2-49A3-8DFF-DBFD3DB308F2}.Debug|x86.ActiveCfg = Debug|x86
		{59E840AF-42A2-49A3-8DFF-DBFD3DB308F2}.Debug|x86.Build.0 = Debug|x86
		{59E840AF-42A2-49A3-8DFF-DBFD3DB308F2}.Debug|x86.Deploy.0 = Debug|x86
		{59E840AF-42A2-49A3-8DFF-DBFD3DB308F2}.Release|Any CPU.ActiveCfg = Release|x86
		{59E840AF-42A2-49A3-8DFF-DBFD3DB308F2}.Release|ARM.ActiveCfg = Release|ARM
		{59E840AF-42A2-49A3-8DFF-DBFD3DB308F2}.Release|ARM.Build.0 = Release|ARM
		{59E840AF-42A2-49A3-8DFF-DBFD3DB308F2}.Release|ARM.Deploy.0 = Release|ARM
		{59E840AF-42A2-49A3-8DFF-DBFD3DB308F2}.Release|ARM64.ActiveCfg = Release|ARM64
		{59E840AF-42A2-49A3-8DFF-DBFD3DB308F2}.Release|ARM64.Build.0 = Release|ARM64
		{59E840AF-42A2-49A3-8DFF-DBFD3DB308F2}.Release|ARM64.Deploy.0 = Release|ARM64
		{59E840AF-42A2-49A3-8DFF-DBFD3DB308F2}.Release|x64.ActiveCfg = Release|x64
		{59E840AF-42A2-49A3-8DFF-DBFD3DB308F2}.Release|x64.Build.0 = Release|x64
		{59E840AF-42A2-49A3-8DFF-DBFD3DB308F2}.Release|x64.Deploy.0 = Release|x64
		{59E840AF-42A2-49A3-8DFF-DBFD3DB308F2}.Release|x86.ActiveCfg = Release|x86
		{59E840AF-42A2-49A3-8DFF-DBFD3DB308F2}.Release|x86.Build.0 = Release|x86
		{59E840AF-42A2-49A3-8DFF-DBFD3DB308F2}.Release|x86.Deploy.0 = Release|x86
		{8FD212A3-FA87-438A-8DAC-B8B5FF3EBEB3}.Debug|Any CPU.ActiveCfg = Debug|Any CPU
		{8FD212A3-FA87-438A-8DAC-B8B5FF3EBEB3}.Debug|Any CPU.Build.0 = Debug|Any CPU
		{8FD212A3-FA87-438A-8DAC-B8B5FF3EBEB3}.Debug|Any CPU.Deploy.0 = Debug|Any CPU
		{8FD212A3-FA87-438A-8DAC-B8B5FF3EBEB3}.Debug|ARM.ActiveCfg = Debug|Any CPU
		{8FD212A3-FA87-438A-8DAC-B8B5FF3EBEB3}.Debug|ARM.Build.0 = Debug|Any CPU
		{8FD212A3-FA87-438A-8DAC-B8B5FF3EBEB3}.Debug|ARM.Deploy.0 = Debug|Any CPU
		{8FD212A3-FA87-438A-8DAC-B8B5FF3EBEB3}.Debug|ARM64.ActiveCfg = Debug|Any CPU
		{8FD212A3-FA87-438A-8DAC-B8B5FF3EBEB3}.Debug|ARM64.Build.0 = Debug|Any CPU
		{8FD212A3-FA87-438A-8DAC-B8B5FF3EBEB3}.Debug|ARM64.Deploy.0 = Debug|Any CPU
		{8FD212A3-FA87-438A-8DAC-B8B5FF3EBEB3}.Debug|x64.ActiveCfg = Debug|Any CPU
		{8FD212A3-FA87-438A-8DAC-B8B5FF3EBEB3}.Debug|x64.Build.0 = Debug|Any CPU
		{8FD212A3-FA87-438A-8DAC-B8B5FF3EBEB3}.Debug|x64.Deploy.0 = Debug|Any CPU
		{8FD212A3-FA87-438A-8DAC-B8B5FF3EBEB3}.Debug|x86.ActiveCfg = Debug|Any CPU
		{8FD212A3-FA87-438A-8DAC-B8B5FF3EBEB3}.Debug|x86.Build.0 = Debug|Any CPU
		{8FD212A3-FA87-438A-8DAC-B8B5FF3EBEB3}.Debug|x86.Deploy.0 = Debug|Any CPU
		{8FD212A3-FA87-438A-8DAC-B8B5FF3EBEB3}.Release|Any CPU.ActiveCfg = Release|Any CPU
		{8FD212A3-FA87-438A-8DAC-B8B5FF3EBEB3}.Release|Any CPU.Build.0 = Release|Any CPU
		{8FD212A3-FA87-438A-8DAC-B8B5FF3EBEB3}.Release|Any CPU.Deploy.0 = Release|Any CPU
		{8FD212A3-FA87-438A-8DAC-B8B5FF3EBEB3}.Release|ARM.ActiveCfg = Release|Any CPU
		{8FD212A3-FA87-438A-8DAC-B8B5FF3EBEB3}.Release|ARM.Build.0 = Release|Any CPU
		{8FD212A3-FA87-438A-8DAC-B8B5FF3EBEB3}.Release|ARM.Deploy.0 = Release|Any CPU
		{8FD212A3-FA87-438A-8DAC-B8B5FF3EBEB3}.Release|ARM64.ActiveCfg = Release|Any CPU
		{8FD212A3-FA87-438A-8DAC-B8B5FF3EBEB3}.Release|ARM64.Build.0 = Release|Any CPU
		{8FD212A3-FA87-438A-8DAC-B8B5FF3EBEB3}.Release|ARM64.Deploy.0 = Release|Any CPU
		{8FD212A3-FA87-438A-8DAC-B8B5FF3EBEB3}.Release|x64.ActiveCfg = Release|Any CPU
		{8FD212A3-FA87-438A-8DAC-B8B5FF3EBEB3}.Release|x64.Build.0 = Release|Any CPU
		{8FD212A3-FA87-438A-8DAC-B8B5FF3EBEB3}.Release|x64.Deploy.0 = Release|Any CPU
		{8FD212A3-FA87-438A-8DAC-B8B5FF3EBEB3}.Release|x86.ActiveCfg = Release|Any CPU
		{8FD212A3-FA87-438A-8DAC-B8B5FF3EBEB3}.Release|x86.Build.0 = Release|Any CPU
		{8FD212A3-FA87-438A-8DAC-B8B5FF3EBEB3}.Release|x86.Deploy.0 = Release|Any CPU
		{C66366D8-D47E-45C9-83A7-E84F5D557755}.Debug|Any CPU.ActiveCfg = Debug|Any CPU
		{C66366D8-D47E-45C9-83A7-E84F5D557755}.Debug|Any CPU.Build.0 = Debug|Any CPU
		{C66366D8-D47E-45C9-83A7-E84F5D557755}.Debug|ARM.ActiveCfg = Debug|Any CPU
		{C66366D8-D47E-45C9-83A7-E84F5D557755}.Debug|ARM.Build.0 = Debug|Any CPU
		{C66366D8-D47E-45C9-83A7-E84F5D557755}.Debug|ARM64.ActiveCfg = Debug|Any CPU
		{C66366D8-D47E-45C9-83A7-E84F5D557755}.Debug|ARM64.Build.0 = Debug|Any CPU
		{C66366D8-D47E-45C9-83A7-E84F5D557755}.Debug|x64.ActiveCfg = Debug|Any CPU
		{C66366D8-D47E-45C9-83A7-E84F5D557755}.Debug|x64.Build.0 = Debug|Any CPU
		{C66366D8-D47E-45C9-83A7-E84F5D557755}.Debug|x86.ActiveCfg = Debug|Any CPU
		{C66366D8-D47E-45C9-83A7-E84F5D557755}.Debug|x86.Build.0 = Debug|Any CPU
		{C66366D8-D47E-45C9-83A7-E84F5D557755}.Release|Any CPU.ActiveCfg = Release|Any CPU
		{C66366D8-D47E-45C9-83A7-E84F5D557755}.Release|Any CPU.Build.0 = Release|Any CPU
		{C66366D8-D47E-45C9-83A7-E84F5D557755}.Release|ARM.ActiveCfg = Release|Any CPU
		{C66366D8-D47E-45C9-83A7-E84F5D557755}.Release|ARM.Build.0 = Release|Any CPU
		{C66366D8-D47E-45C9-83A7-E84F5D557755}.Release|ARM64.ActiveCfg = Release|Any CPU
		{C66366D8-D47E-45C9-83A7-E84F5D557755}.Release|ARM64.Build.0 = Release|Any CPU
		{C66366D8-D47E-45C9-83A7-E84F5D557755}.Release|x64.ActiveCfg = Release|Any CPU
		{C66366D8-D47E-45C9-83A7-E84F5D557755}.Release|x64.Build.0 = Release|Any CPU
		{C66366D8-D47E-45C9-83A7-E84F5D557755}.Release|x86.ActiveCfg = Release|Any CPU
		{C66366D8-D47E-45C9-83A7-E84F5D557755}.Release|x86.Build.0 = Release|Any CPU
	EndGlobalSection
	GlobalSection(SolutionProperties) = preSolution
		HideSolutionNode = FALSE
	EndGlobalSection
	GlobalSection(ExtensibilityGlobals) = postSolution
		SolutionGuid = {6249AC2B-1A4B-48F3-93E3-C6C829F84FA4}
	EndGlobalSection
EndGlobal
