
Microsoft Visual Studio Solution File, Format Version 12.00
# Visual Studio 15
VisualStudioVersion = 15.0.28307.902
MinimumVisualStudioVersion = 10.0.40219.1
Project("{FAE04EC0-301F-11D3-BF4B-00C04F79EFBC}") = "LevelUpEASJ", "LevelUpEASJ\LevelUpEASJ.csproj", "{22309B32-833B-4E47-9FD3-D8A64922C876}"
EndProject
Project("{00D1A9C2-B5F0-4AF3-8072-F6C62B433612}") = "LevelDB", "LevelDB\LevelDB.sqlproj", "{A111EE61-ADFF-437B-A5A1-D6C0BE0E3736}"
EndProject
Project("{FAE04EC0-301F-11D3-BF4B-00C04F79EFBC}") = "UnitTestLevelUp", "UnitTestLevelUp\UnitTestLevelUp.csproj", "{C43FAB53-EFFB-479E-8FEE-25C62C8AF417}"
EndProject
Project("{FAE04EC0-301F-11D3-BF4B-00C04F79EFBC}") = "WebAPIService", "WebAPIService\WebAPIService.csproj", "{179583D4-8F20-4B05-B894-6AB885FB927E}"
EndProject
Global
	GlobalSection(SolutionConfigurationPlatforms) = preSolution
		Debug|Any CPU = Debug|Any CPU
		Debug|ARM = Debug|ARM
		Debug|ARM64 = Debug|ARM64
		Debug|x64 = Debug|x64
		Debug|x86 = Debug|x86
		Release|Any CPU = Release|Any CPU
		Release|ARM = Release|ARM
		Release|ARM64 = Release|ARM64
		Release|x64 = Release|x64
		Release|x86 = Release|x86
	EndGlobalSection
	GlobalSection(ProjectConfigurationPlatforms) = postSolution
		{22309B32-833B-4E47-9FD3-D8A64922C876}.Debug|Any CPU.ActiveCfg = Debug|x86
		{22309B32-833B-4E47-9FD3-D8A64922C876}.Debug|ARM.ActiveCfg = Debug|ARM
		{22309B32-833B-4E47-9FD3-D8A64922C876}.Debug|ARM.Build.0 = Debug|ARM
		{22309B32-833B-4E47-9FD3-D8A64922C876}.Debug|ARM.Deploy.0 = Debug|ARM
		{22309B32-833B-4E47-9FD3-D8A64922C876}.Debug|ARM64.ActiveCfg = Debug|ARM64
		{22309B32-833B-4E47-9FD3-D8A64922C876}.Debug|ARM64.Build.0 = Debug|ARM64
		{22309B32-833B-4E47-9FD3-D8A64922C876}.Debug|ARM64.Deploy.0 = Debug|ARM64
		{22309B32-833B-4E47-9FD3-D8A64922C876}.Debug|x64.ActiveCfg = Debug|x64
		{22309B32-833B-4E47-9FD3-D8A64922C876}.Debug|x64.Build.0 = Debug|x64
		{22309B32-833B-4E47-9FD3-D8A64922C876}.Debug|x64.Deploy.0 = Debug|x64
		{22309B32-833B-4E47-9FD3-D8A64922C876}.Debug|x86.ActiveCfg = Debug|x86
		{22309B32-833B-4E47-9FD3-D8A64922C876}.Debug|x86.Build.0 = Debug|x86
		{22309B32-833B-4E47-9FD3-D8A64922C876}.Debug|x86.Deploy.0 = Debug|x86
		{22309B32-833B-4E47-9FD3-D8A64922C876}.Release|Any CPU.ActiveCfg = Release|x86
		{22309B32-833B-4E47-9FD3-D8A64922C876}.Release|ARM.ActiveCfg = Release|ARM
		{22309B32-833B-4E47-9FD3-D8A64922C876}.Release|ARM.Build.0 = Release|ARM
		{22309B32-833B-4E47-9FD3-D8A64922C876}.Release|ARM.Deploy.0 = Release|ARM
		{22309B32-833B-4E47-9FD3-D8A64922C876}.Release|ARM64.ActiveCfg = Release|ARM64
		{22309B32-833B-4E47-9FD3-D8A64922C876}.Release|ARM64.Build.0 = Release|ARM64
		{22309B32-833B-4E47-9FD3-D8A64922C876}.Release|ARM64.Deploy.0 = Release|ARM64
		{22309B32-833B-4E47-9FD3-D8A64922C876}.Release|x64.ActiveCfg = Release|x64
		{22309B32-833B-4E47-9FD3-D8A64922C876}.Release|x64.Build.0 = Release|x64
		{22309B32-833B-4E47-9FD3-D8A64922C876}.Release|x64.Deploy.0 = Release|x64
		{22309B32-833B-4E47-9FD3-D8A64922C876}.Release|x86.ActiveCfg = Release|x86
		{22309B32-833B-4E47-9FD3-D8A64922C876}.Release|x86.Build.0 = Release|x86
		{22309B32-833B-4E47-9FD3-D8A64922C876}.Release|x86.Deploy.0 = Release|x86
		{A111EE61-ADFF-437B-A5A1-D6C0BE0E3736}.Debug|Any CPU.ActiveCfg = Debug|Any CPU
		{A111EE61-ADFF-437B-A5A1-D6C0BE0E3736}.Debug|Any CPU.Build.0 = Debug|Any CPU
		{A111EE61-ADFF-437B-A5A1-D6C0BE0E3736}.Debug|Any CPU.Deploy.0 = Debug|Any CPU
		{A111EE61-ADFF-437B-A5A1-D6C0BE0E3736}.Debug|ARM.ActiveCfg = Debug|Any CPU
		{A111EE61-ADFF-437B-A5A1-D6C0BE0E3736}.Debug|ARM.Build.0 = Debug|Any CPU
		{A111EE61-ADFF-437B-A5A1-D6C0BE0E3736}.Debug|ARM.Deploy.0 = Debug|Any CPU
		{A111EE61-ADFF-437B-A5A1-D6C0BE0E3736}.Debug|ARM64.ActiveCfg = Debug|Any CPU
		{A111EE61-ADFF-437B-A5A1-D6C0BE0E3736}.Debug|ARM64.Build.0 = Debug|Any CPU
		{A111EE61-ADFF-437B-A5A1-D6C0BE0E3736}.Debug|ARM64.Deploy.0 = Debug|Any CPU
		{A111EE61-ADFF-437B-A5A1-D6C0BE0E3736}.Debug|x64.ActiveCfg = Debug|Any CPU
		{A111EE61-ADFF-437B-A5A1-D6C0BE0E3736}.Debug|x64.Build.0 = Debug|Any CPU
		{A111EE61-ADFF-437B-A5A1-D6C0BE0E3736}.Debug|x64.Deploy.0 = Debug|Any CPU
		{A111EE61-ADFF-437B-A5A1-D6C0BE0E3736}.Debug|x86.ActiveCfg = Debug|Any CPU
		{A111EE61-ADFF-437B-A5A1-D6C0BE0E3736}.Debug|x86.Build.0 = Debug|Any CPU
		{A111EE61-ADFF-437B-A5A1-D6C0BE0E3736}.Debug|x86.Deploy.0 = Debug|Any CPU
		{A111EE61-ADFF-437B-A5A1-D6C0BE0E3736}.Release|Any CPU.ActiveCfg = Release|Any CPU
		{A111EE61-ADFF-437B-A5A1-D6C0BE0E3736}.Release|Any CPU.Build.0 = Release|Any CPU
		{A111EE61-ADFF-437B-A5A1-D6C0BE0E3736}.Release|Any CPU.Deploy.0 = Release|Any CPU
		{A111EE61-ADFF-437B-A5A1-D6C0BE0E3736}.Release|ARM.ActiveCfg = Release|Any CPU
		{A111EE61-ADFF-437B-A5A1-D6C0BE0E3736}.Release|ARM.Build.0 = Release|Any CPU
		{A111EE61-ADFF-437B-A5A1-D6C0BE0E3736}.Release|ARM.Deploy.0 = Release|Any CPU
		{A111EE61-ADFF-437B-A5A1-D6C0BE0E3736}.Release|ARM64.ActiveCfg = Release|Any CPU
		{A111EE61-ADFF-437B-A5A1-D6C0BE0E3736}.Release|ARM64.Build.0 = Release|Any CPU
		{A111EE61-ADFF-437B-A5A1-D6C0BE0E3736}.Release|ARM64.Deploy.0 = Release|Any CPU
		{A111EE61-ADFF-437B-A5A1-D6C0BE0E3736}.Release|x64.ActiveCfg = Release|Any CPU
		{A111EE61-ADFF-437B-A5A1-D6C0BE0E3736}.Release|x64.Build.0 = Release|Any CPU
		{A111EE61-ADFF-437B-A5A1-D6C0BE0E3736}.Release|x64.Deploy.0 = Release|Any CPU
		{A111EE61-ADFF-437B-A5A1-D6C0BE0E3736}.Release|x86.ActiveCfg = Release|Any CPU
		{A111EE61-ADFF-437B-A5A1-D6C0BE0E3736}.Release|x86.Build.0 = Release|Any CPU
		{A111EE61-ADFF-437B-A5A1-D6C0BE0E3736}.Release|x86.Deploy.0 = Release|Any CPU
		{C43FAB53-EFFB-479E-8FEE-25C62C8AF417}.Debug|Any CPU.ActiveCfg = Debug|Any CPU
		{C43FAB53-EFFB-479E-8FEE-25C62C8AF417}.Debug|Any CPU.Build.0 = Debug|Any CPU
		{C43FAB53-EFFB-479E-8FEE-25C62C8AF417}.Debug|ARM.ActiveCfg = Debug|Any CPU
		{C43FAB53-EFFB-479E-8FEE-25C62C8AF417}.Debug|ARM.Build.0 = Debug|Any CPU
		{C43FAB53-EFFB-479E-8FEE-25C62C8AF417}.Debug|ARM64.ActiveCfg = Debug|Any CPU
		{C43FAB53-EFFB-479E-8FEE-25C62C8AF417}.Debug|ARM64.Build.0 = Debug|Any CPU
		{C43FAB53-EFFB-479E-8FEE-25C62C8AF417}.Debug|x64.ActiveCfg = Debug|Any CPU
		{C43FAB53-EFFB-479E-8FEE-25C62C8AF417}.Debug|x64.Build.0 = Debug|Any CPU
		{C43FAB53-EFFB-479E-8FEE-25C62C8AF417}.Debug|x86.ActiveCfg = Debug|Any CPU
		{C43FAB53-EFFB-479E-8FEE-25C62C8AF417}.Debug|x86.Build.0 = Debug|Any CPU
		{C43FAB53-EFFB-479E-8FEE-25C62C8AF417}.Release|Any CPU.ActiveCfg = Release|Any CPU
		{C43FAB53-EFFB-479E-8FEE-25C62C8AF417}.Release|Any CPU.Build.0 = Release|Any CPU
		{C43FAB53-EFFB-479E-8FEE-25C62C8AF417}.Release|ARM.ActiveCfg = Release|Any CPU
		{C43FAB53-EFFB-479E-8FEE-25C62C8AF417}.Release|ARM.Build.0 = Release|Any CPU
		{C43FAB53-EFFB-479E-8FEE-25C62C8AF417}.Release|ARM64.ActiveCfg = Release|Any CPU
		{C43FAB53-EFFB-479E-8FEE-25C62C8AF417}.Release|ARM64.Build.0 = Release|Any CPU
		{C43FAB53-EFFB-479E-8FEE-25C62C8AF417}.Release|x64.ActiveCfg = Release|Any CPU
		{C43FAB53-EFFB-479E-8FEE-25C62C8AF417}.Release|x64.Build.0 = Release|Any CPU
		{C43FAB53-EFFB-479E-8FEE-25C62C8AF417}.Release|x86.ActiveCfg = Release|Any CPU
		{C43FAB53-EFFB-479E-8FEE-25C62C8AF417}.Release|x86.Build.0 = Release|Any CPU
		{179583D4-8F20-4B05-B894-6AB885FB927E}.Debug|Any CPU.ActiveCfg = Debug|Any CPU
		{179583D4-8F20-4B05-B894-6AB885FB927E}.Debug|Any CPU.Build.0 = Debug|Any CPU
		{179583D4-8F20-4B05-B894-6AB885FB927E}.Debug|ARM.ActiveCfg = Debug|Any CPU
		{179583D4-8F20-4B05-B894-6AB885FB927E}.Debug|ARM.Build.0 = Debug|Any CPU
		{179583D4-8F20-4B05-B894-6AB885FB927E}.Debug|ARM64.ActiveCfg = Debug|Any CPU
		{179583D4-8F20-4B05-B894-6AB885FB927E}.Debug|ARM64.Build.0 = Debug|Any CPU
		{179583D4-8F20-4B05-B894-6AB885FB927E}.Debug|x64.ActiveCfg = Debug|Any CPU
		{179583D4-8F20-4B05-B894-6AB885FB927E}.Debug|x64.Build.0 = Debug|Any CPU
		{179583D4-8F20-4B05-B894-6AB885FB927E}.Debug|x86.ActiveCfg = Debug|Any CPU
		{179583D4-8F20-4B05-B894-6AB885FB927E}.Debug|x86.Build.0 = Debug|Any CPU
		{179583D4-8F20-4B05-B894-6AB885FB927E}.Release|Any CPU.ActiveCfg = Release|Any CPU
		{179583D4-8F20-4B05-B894-6AB885FB927E}.Release|Any CPU.Build.0 = Release|Any CPU
		{179583D4-8F20-4B05-B894-6AB885FB927E}.Release|ARM.ActiveCfg = Release|Any CPU
		{179583D4-8F20-4B05-B894-6AB885FB927E}.Release|ARM.Build.0 = Release|Any CPU
		{179583D4-8F20-4B05-B894-6AB885FB927E}.Release|ARM64.ActiveCfg = Release|Any CPU
		{179583D4-8F20-4B05-B894-6AB885FB927E}.Release|ARM64.Build.0 = Release|Any CPU
		{179583D4-8F20-4B05-B894-6AB885FB927E}.Release|x64.ActiveCfg = Release|Any CPU
		{179583D4-8F20-4B05-B894-6AB885FB927E}.Release|x64.Build.0 = Release|Any CPU
		{179583D4-8F20-4B05-B894-6AB885FB927E}.Release|x86.ActiveCfg = Release|Any CPU
		{179583D4-8F20-4B05-B894-6AB885FB927E}.Release|x86.Build.0 = Release|Any CPU
	EndGlobalSection
	GlobalSection(SolutionProperties) = preSolution
		HideSolutionNode = FALSE
	EndGlobalSection
	GlobalSection(ExtensibilityGlobals) = postSolution
		SolutionGuid = {6249AC2B-1A4B-48F3-93E3-C6C829F84FA4}
	EndGlobalSection
EndGlobal
